// !$*UTF8*$!
{
	archiveVersion = 1;
	classes = {
	};
	objectVersion = 46;
	objects = {

/* Begin PBXFileReference section */
		FC0933AD1CAA0F7100C8F099 /* economic_functions.py */ = {isa = PBXFileReference; fileEncoding = 4; lastKnownFileType = text.script.python; path = economic_functions.py; sourceTree = "<group>"; };
		FC0933AE1CAA0F8700C8F099 /* economy.py */ = {isa = PBXFileReference; fileEncoding = 4; lastKnownFileType = text.script.python; path = economy.py; sourceTree = "<group>"; };
		FC0933AF1CAA0F9600C8F099 /* firm.py */ = {isa = PBXFileReference; fileEncoding = 4; lastKnownFileType = text.script.python; path = firm.py; sourceTree = "<group>"; };
		FC0933B01CAA0FB400C8F099 /* household.py */ = {isa = PBXFileReference; fileEncoding = 4; lastKnownFileType = text.script.python; path = household.py; sourceTree = "<group>"; };
		FC0933B11CAA0FB400C8F099 /* parameters.py */ = {isa = PBXFileReference; fileEncoding = 4; lastKnownFileType = text.script.python; path = parameters.py; sourceTree = "<group>"; };
		FC0933B21CAA0FB400C8F099 /* run.py */ = {isa = PBXFileReference; fileEncoding = 4; lastKnownFileType = text.script.python; path = run.py; sourceTree = "<group>"; };
		FC0933B31CAA0FB400C8F099 /* start.py */ = {isa = PBXFileReference; fileEncoding = 4; lastKnownFileType = text.script.python; path = start.py; sourceTree = "<group>"; };
		FC0933B41CAA0FB400C8F099 /* time_step.py */ = {isa = PBXFileReference; fileEncoding = 4; lastKnownFileType = text.script.python; path = time_step.py; sourceTree = "<group>"; };
		FC0933B51CAA0FB400C8F099 /* weights_opt.py */ = {isa = PBXFileReference; fileEncoding = 4; lastKnownFileType = text.script.python; path = weights_opt.py; sourceTree = "<group>"; };
/* End PBXFileReference section */

/* Begin PBXGroup section */
		FC0933A11CAA0E2200C8F099 = {
			isa = PBXGroup;
			children = (
				FC0933AD1CAA0F7100C8F099 /* economic_functions.py */,
				FC0933AE1CAA0F8700C8F099 /* economy.py */,
				FC0933AF1CAA0F9600C8F099 /* firm.py */,
				FC0933B01CAA0FB400C8F099 /* household.py */,
				FC0933B11CAA0FB400C8F099 /* parameters.py */,
				FC0933B21CAA0FB400C8F099 /* run.py */,
				FC0933B31CAA0FB400C8F099 /* start.py */,
				FC0933B41CAA0FB400C8F099 /* time_step.py */,
				FC0933B51CAA0FB400C8F099 /* weights_opt.py */,
			);
			sourceTree = "<group>";
		};
/* End PBXGroup section */

/* Begin PBXLegacyTarget section */
		FC0933A61CAA0E2200C8F099 /* Gualdi_Mandel_Model */ = {
			isa = PBXLegacyTarget;
			buildArgumentsString = "$(ACTION)";
			buildConfigurationList = FC0933A91CAA0E2200C8F099 /* Build configuration list for PBXLegacyTarget "Gualdi_Mandel_Model" */;
			buildPhases = (
			);
			buildToolPath = /usr/bin/python;
			dependencies = (
			);
			name = Gualdi_Mandel_Model;
			passBuildSettingsInEnvironment = 1;
			productName = Gualdi_Mandel_Model;
		};
/* End PBXLegacyTarget section */

/* Begin PBXProject section */
		FC0933A21CAA0E2200C8F099 /* Project object */ = {
			isa = PBXProject;
			attributes = {
				LastUpgradeCheck = 0720;
				ORGANIZATIONNAME = vipin;
				TargetAttributes = {
					FC0933A61CAA0E2200C8F099 = {
						CreatedOnToolsVersion = 7.2;
					};
				};
			};
			buildConfigurationList = FC0933A51CAA0E2200C8F099 /* Build configuration list for PBXProject "Gualdi_Mandel_Model" */;
			compatibilityVersion = "Xcode 3.2";
			developmentRegion = English;
			hasScannedForEncodings = 0;
			knownRegions = (
				en,
			);
			mainGroup = FC0933A11CAA0E2200C8F099;
			projectDirPath = "";
			projectRoot = "";
			targets = (
				FC0933A61CAA0E2200C8F099 /* Gualdi_Mandel_Model */,
			);
		};
/* End PBXProject section */

/* Begin XCBuildConfiguration section */
		FC0933A71CAA0E2200C8F099 /* Debug */ = {
			isa = XCBuildConfiguration;
			buildSettings = {
				ALWAYS_SEARCH_USER_PATHS = NO;
				CLANG_CXX_LANGUAGE_STANDARD = "gnu++0x";
				CLANG_CXX_LIBRARY = "libc++";
				CLANG_ENABLE_MODULES = YES;
				CLANG_ENABLE_OBJC_ARC = YES;
				CLANG_WARN_BOOL_CONVERSION = YES;
				CLANG_WARN_CONSTANT_CONVERSION = YES;
				CLANG_WARN_DIRECT_OBJC_ISA_USAGE = YES_ERROR;
				CLANG_WARN_EMPTY_BODY = YES;
				CLANG_WARN_ENUM_CONVERSION = YES;
				CLANG_WARN_INT_CONVERSION = YES;
				CLANG_WARN_OBJC_ROOT_CLASS = YES_ERROR;
				CLANG_WARN_UNREACHABLE_CODE = YES;
				CLANG_WARN__DUPLICATE_METHOD_MATCH = YES;
				COPY_PHASE_STRIP = NO;
				DEBUG_INFORMATION_FORMAT = dwarf;
				ENABLE_STRICT_OBJC_MSGSEND = YES;
				ENABLE_TESTABILITY = YES;
				GCC_C_LANGUAGE_STANDARD = gnu99;
				GCC_DYNAMIC_NO_PIC = NO;
				GCC_NO_COMMON_BLOCKS = YES;
				GCC_OPTIMIZATION_LEVEL = 0;
				GCC_PREPROCESSOR_DEFINITIONS = (
					"DEBUG=1",
					"$(inherited)",
				);
				GCC_WARN_64_TO_32_BIT_CONVERSION = YES;
				GCC_WARN_ABOUT_RETURN_TYPE = YES_ERROR;
				GCC_WARN_UNDECLARED_SELECTOR = YES;
				GCC_WARN_UNINITIALIZED_AUTOS = YES_AGGRESSIVE;
				GCC_WARN_UNUSED_FUNCTION = YES;
				GCC_WARN_UNUSED_VARIABLE = YES;
				MTL_ENABLE_DEBUG_INFO = YES;
				ONLY_ACTIVE_ARCH = YES;
			};
			name = Debug;
		};
		FC0933A81CAA0E2200C8F099 /* Release */ = {
			isa = XCBuildConfiguration;
			buildSettings = {
				ALWAYS_SEARCH_USER_PATHS = NO;
				CLANG_CXX_LANGUAGE_STANDARD = "gnu++0x";
				CLANG_CXX_LIBRARY = "libc++";
				CLANG_ENABLE_MODULES = YES;
				CLANG_ENABLE_OBJC_ARC = YES;
				CLANG_WARN_BOOL_CONVERSION = YES;
				CLANG_WARN_CONSTANT_CONVERSION = YES;
				CLANG_WARN_DIRECT_OBJC_ISA_USAGE = YES_ERROR;
				CLANG_WARN_EMPTY_BODY = YES;
				CLANG_WARN_ENUM_CONVERSION = YES;
				CLANG_WARN_INT_CONVERSION = YES;
				CLANG_WARN_OBJC_ROOT_CLASS = YES_ERROR;
				CLANG_WARN_UNREACHABLE_CODE = YES;
				CLANG_WARN__DUPLICATE_METHOD_MATCH = YES;
				COPY_PHASE_STRIP = NO;
				DEBUG_INFORMATION_FORMAT = "dwarf-with-dsym";
				ENABLE_NS_ASSERTIONS = NO;
				ENABLE_STRICT_OBJC_MSGSEND = YES;
				GCC_C_LANGUAGE_STANDARD = gnu99;
				GCC_NO_COMMON_BLOCKS = YES;
				GCC_WARN_64_TO_32_BIT_CONVERSION = YES;
				GCC_WARN_ABOUT_RETURN_TYPE = YES_ERROR;
				GCC_WARN_UNDECLARED_SELECTOR = YES;
				GCC_WARN_UNINITIALIZED_AUTOS = YES_AGGRESSIVE;
				GCC_WARN_UNUSED_FUNCTION = YES;
				GCC_WARN_UNUSED_VARIABLE = YES;
				MTL_ENABLE_DEBUG_INFO = NO;
			};
			name = Release;
		};
		FC0933AA1CAA0E2200C8F099 /* Debug */ = {
			isa = XCBuildConfiguration;
			buildSettings = {
				DEBUGGING_SYMBOLS = YES;
				DEBUG_INFORMATION_FORMAT = dwarf;
				GCC_GENERATE_DEBUGGING_SYMBOLS = YES;
				GCC_OPTIMIZATION_LEVEL = 0;
				OTHER_CFLAGS = "";
				OTHER_LDFLAGS = "";
				PRODUCT_NAME = "$(TARGET_NAME)";
			};
			name = Debug;
		};
		FC0933AB1CAA0E2200C8F099 /* Release */ = {
			isa = XCBuildConfiguration;
			buildSettings = {
				DEBUG_INFORMATION_FORMAT = "dwarf-with-dsym";
				OTHER_CFLAGS = "";
				OTHER_LDFLAGS = "";
				PRODUCT_NAME = "$(TARGET_NAME)";
			};
			name = Release;
		};
/* End XCBuildConfiguration section */

/* Begin XCConfigurationList section */
		FC0933A51CAA0E2200C8F099 /* Build configuration list for PBXProject "Gualdi_Mandel_Model" */ = {
			isa = XCConfigurationList;
			buildConfigurations = (
				FC0933A71CAA0E2200C8F099 /* Debug */,
				FC0933A81CAA0E2200C8F099 /* Release */,
			);
			defaultConfigurationIsVisible = 0;
			defaultConfigurationName = Release;
		};
		FC0933A91CAA0E2200C8F099 /* Build configuration list for PBXLegacyTarget "Gualdi_Mandel_Model" */ = {
			isa = XCConfigurationList;
			buildConfigurations = (
				FC0933AA1CAA0E2200C8F099 /* Debug */,
				FC0933AB1CAA0E2200C8F099 /* Release */,
			);
			defaultConfigurationIsVisible = 0;
		};
/* End XCConfigurationList section */
	};
	rootObject = FC0933A21CAA0E2200C8F099 /* Project object */;
}
